
Microsoft Visual Studio Solution File, Format Version 12.00
# Visual Studio 15
VisualStudioVersion = 15.0.28307.489
MinimumVisualStudioVersion = 10.0.40219.1
Project("{FAE04EC0-301F-11D3-BF4B-00C04F79EFBC}") = "UI", "UI\UI.csproj", "{8853FEE3-E2E6-43AE-BDE5-841BE30E5C01}"
EndProject
Project("{FAE04EC0-301F-11D3-BF4B-00C04F79EFBC}") = "BLL", "BLL\BLL.csproj", "{7CDE825B-621D-4C93-9BE7-BBC48203676A}"
EndProject
Project("{FAE04EC0-301F-11D3-BF4B-00C04F79EFBC}") = "DAL", "DAL\DAL.csproj", "{C3A535D6-883E-4785-9FB5-0375889A9B2A}"
EndProject
Global
	GlobalSection(SolutionConfigurationPlatforms) = preSolution
		Debug|Any CPU = Debug|Any CPU
		Release|Any CPU = Release|Any CPU
	EndGlobalSection
	GlobalSection(ProjectConfigurationPlatforms) = postSolution
		{8853FEE3-E2E6-43AE-BDE5-841BE30E5C01}.Debug|Any CPU.ActiveCfg = Debug|Any CPU
		{8853FEE3-E2E6-43AE-BDE5-841BE30E5C01}.Debug|Any CPU.Build.0 = Debug|Any CPU
		{8853FEE3-E2E6-43AE-BDE5-841BE30E5C01}.Release|Any CPU.ActiveCfg = Release|Any CPU
		{8853FEE3-E2E6-43AE-BDE5-841BE30E5C01}.Release|Any CPU.Build.0 = Release|Any CPU
		{7CDE825B-621D-4C93-9BE7-BBC48203676A}.Debug|Any CPU.ActiveCfg = Debug|Any CPU
		{7CDE825B-621D-4C93-9BE7-BBC48203676A}.Debug|Any CPU.Build.0 = Debug|Any CPU
		{7CDE825B-621D-4C93-9BE7-BBC48203676A}.Release|Any CPU.ActiveCfg = Release|Any CPU
		{7CDE825B-621D-4C93-9BE7-BBC48203676A}.Release|Any CPU.Build.0 = Release|Any CPU
		{C3A535D6-883E-4785-9FB5-0375889A9B2A}.Debug|Any CPU.ActiveCfg = Debug|Any CPU
		{C3A535D6-883E-4785-9FB5-0375889A9B2A}.Debug|Any CPU.Build.0 = Debug|Any CPU
		{C3A535D6-883E-4785-9FB5-0375889A9B2A}.Release|Any CPU.ActiveCfg = Release|Any CPU
		{C3A535D6-883E-4785-9FB5-0375889A9B2A}.Release|Any CPU.Build.0 = Release|Any CPU
	EndGlobalSection
	GlobalSection(SolutionProperties) = preSolution
		HideSolutionNode = FALSE
	EndGlobalSection
	GlobalSection(ExtensibilityGlobals) = postSolution
		SolutionGuid = {26330252-C377-4B8B-B77F-B717DD625BE5}
	EndGlobalSection
EndGlobal
